
Microsoft Visual Studio Solution File, Format Version 12.00
# Visual Studio Version 16
VisualStudioVersion = 16.0.29418.71
MinimumVisualStudioVersion = 10.0.40219.1
Project("{FAE04EC0-301F-11D3-BF4B-00C04F79EFBC}") = "UtilityBelt", "UtilityBelt.csproj", "{C2880823-67E7-4B3D-A481-9ADC9847C39C}"
EndProject
Global
	GlobalSection(SolutionConfigurationPlatforms) = preSolution
		Release|x86 = Release|x86
	EndGlobalSection
	GlobalSection(ProjectConfigurationPlatforms) = postSolution
		{C2880823-67E7-4B3D-A481-9ADC9847C39C}.Release|x86.ActiveCfg = Release|x86
		{C2880823-67E7-4B3D-A481-9ADC9847C39C}.Release|x86.Build.0 = Release|x86
	EndGlobalSection
	GlobalSection(SolutionProperties) = preSolution
		HideSolutionNode = FALSE
	EndGlobalSection
	GlobalSection(ExtensibilityGlobals) = postSolution
		SolutionGuid = {132E165F-77D1-419A-B6D3-D9740063805E}
	EndGlobalSection
EndGlobal
